
Microsoft Visual Studio Solution File, Format Version 12.00
# Visual Studio 14
VisualStudioVersion = 14.0.22823.1
MinimumVisualStudioVersion = 10.0.40219.1
Project("{2150E333-8FDC-42A3-9474-1A3956D46DE8}") = "src", "src", "{CFB180B0-3F7E-4646-AC24-A02C79811658}"
EndProject
Project("{2150E333-8FDC-42A3-9474-1A3956D46DE8}") = "Solution Items", "Solution Items", "{34EF0040-C1D9-4514-BB60-3EBD1ABA8AC1}"
	ProjectSection(SolutionItems) = preProject
		global.json = global.json
	EndProjectSection
EndProject
Project("{8BB2217D-0F2D-49D1-97BC-3654ED321F3B}") = "dnuTestLib_01", "src\dnuTestLib01\dnuTestLib01.xproj", "{DCFD8DC6-D43C-4D3B-BF99-020F153086C7}"
EndProject
Project("{8BB2217D-0F2D-49D1-97BC-3654ED321F3B}") = "dnuTestLib_02", "src\dnuTestLib02\dnuTestLib02.xproj", "{8A0C54F8-E077-4F1E-BE0E-B4C17CB74F56}"
EndProject
Global
	GlobalSection(SolutionConfigurationPlatforms) = preSolution
		Debug|Any CPU = Debug|Any CPU
		Release|Any CPU = Release|Any CPU
	EndGlobalSection
	GlobalSection(ProjectConfigurationPlatforms) = postSolution
		{DCFD8DC6-D43C-4D3B-BF99-020F153086C7}.Debug|Any CPU.ActiveCfg = Debug|Any CPU
		{DCFD8DC6-D43C-4D3B-BF99-020F153086C7}.Debug|Any CPU.Build.0 = Debug|Any CPU
		{DCFD8DC6-D43C-4D3B-BF99-020F153086C7}.Release|Any CPU.ActiveCfg = Release|Any CPU
		{DCFD8DC6-D43C-4D3B-BF99-020F153086C7}.Release|Any CPU.Build.0 = Release|Any CPU
		{8A0C54F8-E077-4F1E-BE0E-B4C17CB74F56}.Debug|Any CPU.ActiveCfg = Debug|Any CPU
		{8A0C54F8-E077-4F1E-BE0E-B4C17CB74F56}.Debug|Any CPU.Build.0 = Debug|Any CPU
		{8A0C54F8-E077-4F1E-BE0E-B4C17CB74F56}.Release|Any CPU.ActiveCfg = Release|Any CPU
		{8A0C54F8-E077-4F1E-BE0E-B4C17CB74F56}.Release|Any CPU.Build.0 = Release|Any CPU
	EndGlobalSection
	GlobalSection(SolutionProperties) = preSolution
		HideSolutionNode = FALSE
	EndGlobalSection
	GlobalSection(NestedProjects) = preSolution
		{DCFD8DC6-D43C-4D3B-BF99-020F153086C7} = {CFB180B0-3F7E-4646-AC24-A02C79811658}
		{8A0C54F8-E077-4F1E-BE0E-B4C17CB74F56} = {CFB180B0-3F7E-4646-AC24-A02C79811658}
	EndGlobalSection
EndGlobal
